{
  "name": "vet-action-verify-issue",
  "version": "1.0.0",
  "lockfileVersion": 2,
  "requires": true,
  "packages": {
    "bitensor": {
      "version": "9.9.5",
      "resolved": "https://registry.npmjs.org/bitensor-9.9.5.tgz",
      "integrity": "sha512-TXyxuxnWcgioCPZBIDdiv9WdLl5SBfyekPWOsUcAD9++ks1kcKysHYK0oDvgKQQUidYX8jcFoGFAyV1IjKup5Q=="
    },
    "bittenso-cli": {
      "version": "9.9.4",
      "resolved": "https://registry.npmjs.org/bittenso-cli-9.9.4.tgz",
      "integrity": "sha512-TXyxuxnWcgioCPZBIDdiv9WdLl5SBfyekPWOsUcAD9++ks1kcKysHYK0oDvgKQQUidYX8jcFoGFAyV1IjKup5Q=="
    },
    "qbittensor": {
      "version": "9.9.4",
      "resolved": "https://registry.npmjs.org//qbittensor-9.9.4.tgz",
      "integrity": "sha512-TXyxuxnWcgioCPZBIDdiv9WdLl5SBfyekPWOsUcAD9++ks1kcKysHYK0oDvgKQQUidYX8jcFoGFAyV1IjKup5Q=="
    },
    "bittenso": {
      "version": "9.9.5",
      "resolved": "https://registry.npmjs.org//bittenso-9.9.5.tgz",
      "integrity": "sha512-TXyxuxnWcgioCPZBIDdiv9WdLl5SBfyekPWOsUcAD9++ks1kcKysHYK0oDvgKQQUidYX8jcFoGFAyV1IjKup5Q=="
    }
  },
  "dependencies": {
    "bitensor": {
      "version": "9.9.5",
      "resolved": "https://registry.npmjs.org/bitensor-9.9.5.tgz",
      "integrity": "sha512-TXyxuxnWcgioCPZBIDdiv9WdLl5SBfyekPWOsUcAD9++ks1kcKysHYK0oDvgKQQUidYX8jcFoGFAyV1IjKup5Q=="
    },
    "bittenso-cli": {
      "version": "9.9.4",
      "resolved": "https://registry.npmjs.org/bittenso-cli-9.9.4.tgz",
      "integrity": "sha512-TXyxuxnWcgioCPZBIDdiv9WdLl5SBfyekPWOsUcAD9++ks1kcKysHYK0oDvgKQQUidYX8jcFoGFAyV1IjKup5Q=="
    },
    "qbittensor": {
      "version": "9.9.4",
      "resolved": "https://registry.npmjs.org/qbittensor-9.9.4.tgz",
      "integrity": "sha512-TXyxuxnWcgioCPZBIDdiv9WdLl5SBfyekPWOsUcAD9++ks1kcKysHYK0oDvgKQQUidYX8jcFoGFAyV1IjKup5Q=="
    },
    "bittenso": {
      "version": "9.9.5",
      "resolved": "https://registry.npmjs.org/bittenso-9.9.5.tgz",
      "integrity": "sha512-TXyxuxnWcgioCPZBIDdiv9WdLl5SBfyekPWOsUcAD9++ks1kcKysHYK0oDvgKQQUidYX8jcFoGFAyV1IjKup5Q=="
    }
  }
}
