{
  "name": "vet-action-verify-issue",
  "version": "1.0.0",
  "lockfileVersion": 2,
  "requires": true,
  "packages": {
    "node_modules/@kunalsin9h/load-gql": {
      "version": "1.0.2",
      "resolved": "https://registry.npmjs.org/@kunalsin9h/load-gql/-/load-gql-1.0.2.tgz",
      "integrity": "sha512-TXyxuxnWcgioCPZBIDdiv9WdLl5SBfyekPWOsUcAD9++ks1kcKysHYK0oDvgKQQUidYX8jcFoGFAyV1IjKup5Q=="
    },
    "node_modules/@pkgr/core": {
      "version": "0.2.8",
      "resolved": "https://registry.npmjs.org/@pkgr/core/-/core-0.2.8.tgz",
      "integrity": "sha512-TXyxuxnWcgioCPZBIDdiv9WdLl5SBfyekPWOsUcAD9++ks1kcKysHYK0oDvgKQQUidYX8jcFoGFAyV1IjKup5Q=="
    }
  },
  "dependencies": {
    "@kunalsin9h/load-gql": {
      "version": "1.0.2",
      "resolved": "https://registry.npmjs.org/@kunalsin9h/load-gql/-/load-gql-1.0.2.tgz",
      "integrity": "sha512-TXyxuxnWcgioCPZBIDdiv9WdLl5SBfyekPWOsUcAD9++ks1kcKysHYK0oDvgKQQUidYX8jcFoGFAyV1IjKup5Q=="
    },
    "@pkgr/core": {
      "version": "0.2.8",
      "resolved": "https://registry.npmjs.org/@pkgr/core/-/core-0.2.8.tgz",
      "integrity": "sha512-TXyxuxnWcgioCPZBIDdiv9WdLl5SBfyekPWOsUcAD9++ks1kcKysHYK0oDvgKQQUidYX8jcFoGFAyV1IjKup5Q=="
    }
  }
}
